{
    "requires": true,
    "lockfileVersion": 1,
    "dependencies": {
        "@types/jquery": {
            "version": "3.3.1",
            "resolved": "http://bbnpm.azurewebsites.net/@types%2fjquery/-/jquery-3.3.1.tgz",
            "integrity": "sha512-N3h+rzN518yl2xKrW0o6KKdNmWZ+OwG6SoM5TBEQFF0tTv5wXPEsoOuYQ2Kt3/89XbcSZUJLdjiT/2c3BR/ApQ==",
            "dev": true
        },
        "@types/knockout": {
            "version": "3.4.52",
            "resolved": "http://bbnpm.azurewebsites.net/@types%2fknockout/-/knockout-3.4.52.tgz",
            "integrity": "sha512-9luTMlROub4BQr7Wn09Ba10Nb5M7d2U7V4yFq/6eLWzpL7E6h+P+NJrb6Z5Q7DtRZ8fLECwy0rA57MklmTuxVg==",
            "dev": true
        }
    }
}
